// !$*UTF8*$!
{
	archiveVersion = 1;
	classes = {
	};
	objectVersion = 48;
	objects = {

/* Begin PBXBuildFile section */
		FD419058207C9414000B3F32 /* AppDelegate.swift in Sources */ = {isa = PBXBuildFile; fileRef = FD419057207C9414000B3F32 /* AppDelegate.swift */; };
		FD41905A207C9414000B3F32 /* ViewController.swift in Sources */ = {isa = PBXBuildFile; fileRef = FD419059207C9414000B3F32 /* ViewController.swift */; };
		FD41905D207C9414000B3F32 /* Main.storyboard in Resources */ = {isa = PBXBuildFile; fileRef = FD41905B207C9414000B3F32 /* Main.storyboard */; };
		FD41905F207C9414000B3F32 /* Assets.xcassets in Resources */ = {isa = PBXBuildFile; fileRef = FD41905E207C9414000B3F32 /* Assets.xcassets */; };
		FD419062207C9414000B3F32 /* LaunchScreen.storyboard in Resources */ = {isa = PBXBuildFile; fileRef = FD419060207C9414000B3F32 /* LaunchScreen.storyboard */; };
/* End PBXBuildFile section */

/* Begin PBXFileReference section */
		FD419054207C9414000B3F32 /* Start Stop Reset Watch.app */ = {isa = PBXFileReference; explicitFileType = wrapper.application; includeInIndex = 0; path = "Start Stop Reset Watch.app"; sourceTree = BUILT_PRODUCTS_DIR; };
		FD419057207C9414000B3F32 /* AppDelegate.swift */ = {isa = PBXFileReference; lastKnownFileType = sourcecode.swift; path = AppDelegate.swift; sourceTree = "<group>"; };
		FD419059207C9414000B3F32 /* ViewController.swift */ = {isa = PBXFileReference; lastKnownFileType = sourcecode.swift; path = ViewController.swift; sourceTree = "<group>"; };
		FD41905C207C9414000B3F32 /* Base */ = {isa = PBXFileReference; lastKnownFileType = file.storyboard; name = Base; path = Base.lproj/Main.storyboard; sourceTree = "<group>"; };
		FD41905E207C9414000B3F32 /* Assets.xcassets */ = {isa = PBXFileReference; lastKnownFileType = folder.assetcatalog; path = Assets.xcassets; sourceTree = "<group>"; };
		FD419061207C9414000B3F32 /* Base */ = {isa = PBXFileReference; lastKnownFileType = file.storyboard; name = Base; path = Base.lproj/LaunchScreen.storyboard; sourceTree = "<group>"; };
		FD419063207C9414000B3F32 /* Info.plist */ = {isa = PBXFileReference; lastKnownFileType = text.plist.xml; path = Info.plist; sourceTree = "<group>"; };
/* End PBXFileReference section */

/* Begin PBXFrameworksBuildPhase section */
		FD419051207C9414000B3F32 /* Frameworks */ = {
			isa = PBXFrameworksBuildPhase;
			buildActionMask = 2147483647;
			files = (
			);
			runOnlyForDeploymentPostprocessing = 0;
		};
/* End PBXFrameworksBuildPhase section */

/* Begin PBXGroup section */
		FD41904B207C9414000B3F32 = {
			isa = PBXGroup;
			children = (
				FD419056207C9414000B3F32 /* Start Stop Reset Watch */,
				FD419055207C9414000B3F32 /* Products */,
			);
			sourceTree = "<group>";
		};
		FD419055207C9414000B3F32 /* Products */ = {
			isa = PBXGroup;
			children = (
				FD419054207C9414000B3F32 /* Start Stop Reset Watch.app */,
			);
			name = Products;
			sourceTree = "<group>";
		};
		FD419056207C9414000B3F32 /* Start Stop Reset Watch */ = {
			isa = PBXGroup;
			children = (
				FD419057207C9414000B3F32 /* AppDelegate.swift */,
				FD419059207C9414000B3F32 /* ViewController.swift */,
				FD41905B207C9414000B3F32 /* Main.storyboard */,
				FD41905E207C9414000B3F32 /* Assets.xcassets */,
				FD419060207C9414000B3F32 /* LaunchScreen.storyboard */,
				FD419063207C9414000B3F32 /* Info.plist */,
			);
			path = "Start Stop Reset Watch";
			sourceTree = "<group>";
		};
/* End PBXGroup section */

/* Begin PBXNativeTarget section */
		FD419053207C9414000B3F32 /* Start Stop Reset Watch */ = {
			isa = PBXNativeTarget;
			buildConfigurationList = FD419066207C9414000B3F32 /* Build configuration list for PBXNativeTarget "Start Stop Reset Watch" */;
			buildPhases = (
				FD419050207C9414000B3F32 /* Sources */,
				FD419051207C9414000B3F32 /* Frameworks */,
				FD419052207C9414000B3F32 /* Resources */,
			);
			buildRules = (
			);
			dependencies = (
			);
			name = "Start Stop Reset Watch";
			productName = "Start Stop Reset Watch";
			productReference = FD419054207C9414000B3F32 /* Start Stop Reset Watch.app */;
			productType = "com.apple.product-type.application";
		};
/* End PBXNativeTarget section */

/* Begin PBXProject section */
		FD41904C207C9414000B3F32 /* Project object */ = {
			isa = PBXProject;
			attributes = {
				LastSwiftUpdateCheck = 0920;
				LastUpgradeCheck = 0920;
				ORGANIZATIONNAME = D7703_23;
				TargetAttributes = {
					FD419053207C9414000B3F32 = {
						CreatedOnToolsVersion = 9.2;
						ProvisioningStyle = Automatic;
					};
				};
			};
			buildConfigurationList = FD41904F207C9414000B3F32 /* Build configuration list for PBXProject "Start Stop Reset Watch" */;
			compatibilityVersion = "Xcode 8.0";
			developmentRegion = en;
			hasScannedForEncodings = 0;
			knownRegions = (
				en,
				Base,
			);
			mainGroup = FD41904B207C9414000B3F32;
			productRefGroup = FD419055207C9414000B3F32 /* Products */;
			projectDirPath = "";
			projectRoot = "";
			targets = (
				FD419053207C9414000B3F32 /* Start Stop Reset Watch */,
			);
		};
/* End PBXProject section */

/* Begin PBXResourcesBuildPhase section */
		FD419052207C9414000B3F32 /* Resources */ = {
			isa = PBXResourcesBuildPhase;
			buildActionMask = 2147483647;
			files = (
				FD419062207C9414000B3F32 /* LaunchScreen.storyboard in Resources */,
				FD41905F207C9414000B3F32 /* Assets.xcassets in Resources */,
				FD41905D207C9414000B3F32 /* Main.storyboard in Resources */,
			);
			runOnlyForDeploymentPostprocessing = 0;
		};
/* End PBXResourcesBuildPhase section */

/* Begin PBXSourcesBuildPhase section */
		FD419050207C9414000B3F32 /* Sources */ = {
			isa = PBXSourcesBuildPhase;
			buildActionMask = 2147483647;
			files = (
				FD41905A207C9414000B3F32 /* ViewController.swift in Sources */,
				FD419058207C9414000B3F32 /* AppDelegate.swift in Sources */,
			);
			runOnlyForDeploymentPostprocessing = 0;
		};
/* End PBXSourcesBuildPhase section */

/* Begin PBXVariantGroup section */
		FD41905B207C9414000B3F32 /* Main.storyboard */ = {
			isa = PBXVariantGroup;
			children = (
				FD41905C207C9414000B3F32 /* Base */,
			);
			name = Main.storyboard;
			sourceTree = "<group>";
		};
		FD419060207C9414000B3F32 /* LaunchScreen.storyboard */ = {
			isa = PBXVariantGroup;
			children = (
				FD419061207C9414000B3F32 /* Base */,
			);
			name = LaunchScreen.storyboard;
			sourceTree = "<group>";
		};
/* End PBXVariantGroup section */

/* Begin XCBuildConfiguration section */
		FD419064207C9414000B3F32 /* Debug */ = {
			isa = XCBuildConfiguration;
			buildSettings = {
				ALWAYS_SEARCH_USER_PATHS = NO;
				CLANG_ANALYZER_NONNULL = YES;
				CLANG_ANALYZER_NUMBER_OBJECT_CONVERSION = YES_AGGRESSIVE;
				CLANG_CXX_LANGUAGE_STANDARD = "gnu++14";
				CLANG_CXX_LIBRARY = "libc++";
				CLANG_ENABLE_MODULES = YES;
				CLANG_ENABLE_OBJC_ARC = YES;
				CLANG_WARN_BLOCK_CAPTURE_AUTORELEASING = YES;
				CLANG_WARN_BOOL_CONVERSION = YES;
				CLANG_WARN_COMMA = YES;
				CLANG_WARN_CONSTANT_CONVERSION = YES;
				CLANG_WARN_DIRECT_OBJC_ISA_USAGE = YES_ERROR;
				CLANG_WARN_DOCUMENTATION_COMMENTS = YES;
				CLANG_WARN_EMPTY_BODY = YES;
				CLANG_WARN_ENUM_CONVERSION = YES;
				CLANG_WARN_INFINITE_RECURSION = YES;
				CLANG_WARN_INT_CONVERSION = YES;
				CLANG_WARN_NON_LITERAL_NULL_CONVERSION = YES;
				CLANG_WARN_OBJC_LITERAL_CONVERSION = YES;
				CLANG_WARN_OBJC_ROOT_CLASS = YES_ERROR;
				CLANG_WARN_RANGE_LOOP_ANALYSIS = YES;
				CLANG_WARN_STRICT_PROTOTYPES = YES;
				CLANG_WARN_SUSPICIOUS_MOVE = YES;
				CLANG_WARN_UNGUARDED_AVAILABILITY = YES_AGGRESSIVE;
				CLANG_WARN_UNREACHABLE_CODE = YES;
				CLANG_WARN__DUPLICATE_METHOD_MATCH = YES;
				CODE_SIGN_IDENTITY = "iPhone Developer";
				COPY_PHASE_STRIP = NO;
				DEBUG_INFORMATION_FORMAT = dwarf;
				ENABLE_STRICT_OBJC_MSGSEND = YES;
				ENABLE_TESTABILITY = YES;
				GCC_C_LANGUAGE_STANDARD = gnu11;
				GCC_DYNAMIC_NO_PIC = NO;
				GCC_NO_COMMON_BLOCKS = YES;
				GCC_OPTIMIZATION_LEVEL = 0;
				GCC_PREPROCESSOR_DEFINITIONS = (
					"DEBUG=1",
					"$(inherited)",
				);
				GCC_WARN_64_TO_32_BIT_CONVERSION = YES;
				GCC_WARN_ABOUT_RETURN_TYPE = YES_ERROR;
				GCC_WARN_UNDECLARED_SELECTOR = YES;
				GCC_WARN_UNINITIALIZED_AUTOS = YES_AGGRESSIVE;
				GCC_WARN_UNUSED_FUNCTION = YES;
				GCC_WARN_UNUSED_VARIABLE = YES;
				IPHONEOS_DEPLOYMENT_TARGET = 11.2;
				MTL_ENABLE_DEBUG_INFO = YES;
				ONLY_ACTIVE_ARCH = YES;
				SDKROOT = iphoneos;
				SWIFT_ACTIVE_COMPILATION_CONDITIONS = DEBUG;
				SWIFT_OPTIMIZATION_LEVEL = "-Onone";
			};
			name = Debug;
		};
		FD419065207C9414000B3F32 /* Release */ = {
			isa = XCBuildConfiguration;
			buildSettings = {
				ALWAYS_SEARCH_USER_PATHS = NO;
				CLANG_ANALYZER_NONNULL = YES;
				CLANG_ANALYZER_NUMBER_OBJECT_CONVERSION = YES_AGGRESSIVE;
				CLANG_CXX_LANGUAGE_STANDARD = "gnu++14";
				CLANG_CXX_LIBRARY = "libc++";
				CLANG_ENABLE_MODULES = YES;
				CLANG_ENABLE_OBJC_ARC = YES;
				CLANG_WARN_BLOCK_CAPTURE_AUTORELEASING = YES;
				CLANG_WARN_BOOL_CONVERSION = YES;
				CLANG_WARN_COMMA = YES;
				CLANG_WARN_CONSTANT_CONVERSION = YES;
				CLANG_WARN_DIRECT_OBJC_ISA_USAGE = YES_ERROR;
				CLANG_WARN_DOCUMENTATION_COMMENTS = YES;
				CLANG_WARN_EMPTY_BODY = YES;
				CLANG_WARN_ENUM_CONVERSION = YES;
				CLANG_WARN_INFINITE_RECURSION = YES;
				CLANG_WARN_INT_CONVERSION = YES;
				CLANG_WARN_NON_LITERAL_NULL_CONVERSION = YES;
				CLANG_WARN_OBJC_LITERAL_CONVERSION = YES;
				CLANG_WARN_OBJC_ROOT_CLASS = YES_ERROR;
				CLANG_WARN_RANGE_LOOP_ANALYSIS = YES;
				CLANG_WARN_STRICT_PROTOTYPES = YES;
				CLANG_WARN_SUSPICIOUS_MOVE = YES;
				CLANG_WARN_UNGUARDED_AVAILABILITY = YES_AGGRESSIVE;
				CLANG_WARN_UNREACHABLE_CODE = YES;
				CLANG_WARN__DUPLICATE_METHOD_MATCH = YES;
				CODE_SIGN_IDENTITY = "iPhone Developer";
				COPY_PHASE_STRIP = NO;
				DEBUG_INFORMATION_FORMAT = "dwarf-with-dsym";
				ENABLE_NS_ASSERTIONS = NO;
				ENABLE_STRICT_OBJC_MSGSEND = YES;
				GCC_C_LANGUAGE_STANDARD = gnu11;
				GCC_NO_COMMON_BLOCKS = YES;
				GCC_WARN_64_TO_32_BIT_CONVERSION = YES;
				GCC_WARN_ABOUT_RETURN_TYPE = YES_ERROR;
				GCC_WARN_UNDECLARED_SELECTOR = YES;
				GCC_WARN_UNINITIALIZED_AUTOS = YES_AGGRESSIVE;
				GCC_WARN_UNUSED_FUNCTION = YES;
				GCC_WARN_UNUSED_VARIABLE = YES;
				IPHONEOS_DEPLOYMENT_TARGET = 11.2;
				MTL_ENABLE_DEBUG_INFO = NO;
				SDKROOT = iphoneos;
				SWIFT_OPTIMIZATION_LEVEL = "-Owholemodule";
				VALIDATE_PRODUCT = YES;
			};
			name = Release;
		};
		FD419067207C9414000B3F32 /* Debug */ = {
			isa = XCBuildConfiguration;
			buildSettings = {
				ASSETCATALOG_COMPILER_APPICON_NAME = AppIcon;
				CODE_SIGN_STYLE = Automatic;
				INFOPLIST_FILE = "Start Stop Reset Watch/Info.plist";
				LD_RUNPATH_SEARCH_PATHS = "$(inherited) @executable_path/Frameworks";
				PRODUCT_BUNDLE_IDENTIFIER = "dit.ac.kr.Start-Stop-Reset-Watch";
				PRODUCT_NAME = "$(TARGET_NAME)";
				SWIFT_VERSION = 4.0;
				TARGETED_DEVICE_FAMILY = "1,2";
			};
			name = Debug;
		};
		FD419068207C9414000B3F32 /* Release */ = {
			isa = XCBuildConfiguration;
			buildSettings = {
				ASSETCATALOG_COMPILER_APPICON_NAME = AppIcon;
				CODE_SIGN_STYLE = Automatic;
				INFOPLIST_FILE = "Start Stop Reset Watch/Info.plist";
				LD_RUNPATH_SEARCH_PATHS = "$(inherited) @executable_path/Frameworks";
				PRODUCT_BUNDLE_IDENTIFIER = "dit.ac.kr.Start-Stop-Reset-Watch";
				PRODUCT_NAME = "$(TARGET_NAME)";
				SWIFT_VERSION = 4.0;
				TARGETED_DEVICE_FAMILY = "1,2";
			};
			name = Release;
		};
/* End XCBuildConfiguration section */

/* Begin XCConfigurationList section */
		FD41904F207C9414000B3F32 /* Build configuration list for PBXProject "Start Stop Reset Watch" */ = {
			isa = XCConfigurationList;
			buildConfigurations = (
				FD419064207C9414000B3F32 /* Debug */,
				FD419065207C9414000B3F32 /* Release */,
			);
			defaultConfigurationIsVisible = 0;
			defaultConfigurationName = Release;
		};
		FD419066207C9414000B3F32 /* Build configuration list for PBXNativeTarget "Start Stop Reset Watch" */ = {
			isa = XCConfigurationList;
			buildConfigurations = (
				FD419067207C9414000B3F32 /* Debug */,
				FD419068207C9414000B3F32 /* Release */,
			);
			defaultConfigurationIsVisible = 0;
			defaultConfigurationName = Release;
		};
/* End XCConfigurationList section */
	};
	rootObject = FD41904C207C9414000B3F32 /* Project object */;
}
